
Microsoft Visual Studio Solution File, Format Version 12.00
# Visual Studio Version 17
VisualStudioVersion = 17.5.002.0
MinimumVisualStudioVersion = 10.0.40219.1
Project("{9A19103F-16F7-4668-BE54-9A1E7A4F7556}") = "Task25", "Task25\Task25.csproj", "{953AB13B-3BDB-42C4-83A1-34A65C6344C3}"
EndProject
Global
	GlobalSection(SolutionConfigurationPlatforms) = preSolution
		Debug|Any CPU = Debug|Any CPU
		Release|Any CPU = Release|Any CPU
	EndGlobalSection
	GlobalSection(ProjectConfigurationPlatforms) = postSolution
		{953AB13B-3BDB-42C4-83A1-34A65C6344C3}.Debug|Any CPU.ActiveCfg = Debug|Any CPU
		{953AB13B-3BDB-42C4-83A1-34A65C6344C3}.Debug|Any CPU.Build.0 = Debug|Any CPU
		{953AB13B-3BDB-42C4-83A1-34A65C6344C3}.Release|Any CPU.ActiveCfg = Release|Any CPU
		{953AB13B-3BDB-42C4-83A1-34A65C6344C3}.Release|Any CPU.Build.0 = Release|Any CPU
	EndGlobalSection
	GlobalSection(SolutionProperties) = preSolution
		HideSolutionNode = FALSE
	EndGlobalSection
	GlobalSection(ExtensibilityGlobals) = postSolution
		SolutionGuid = {B7D51CD6-67D7-48C0-AE90-0C2DCA4AE97C}
	EndGlobalSection
EndGlobal
